
Microsoft Visual Studio Solution File, Format Version 12.00
# Visual Studio Version 17
VisualStudioVersion = 17.8.34525.116
MinimumVisualStudioVersion = 10.0.40219.1
Project("{FAE04EC0-301F-11D3-BF4B-00C04F79EFBC}") = "Apibodega.Backend", "Apibodega.Backend\Apibodega.Backend.csproj", "{39821BD6-64D5-4026-BBA3-65687B11C2C0}"
EndProject
Project("{FAE04EC0-301F-11D3-BF4B-00C04F79EFBC}") = "Apibodega.Shared", "Apibodega.Shared\Apibodega.Shared.csproj", "{F7C27C88-EC67-467C-92AF-B97884FDD2F4}"
EndProject
Global
	GlobalSection(SolutionConfigurationPlatforms) = preSolution
		Debug|Any CPU = Debug|Any CPU
		Release|Any CPU = Release|Any CPU
	EndGlobalSection
	GlobalSection(ProjectConfigurationPlatforms) = postSolution
		{39821BD6-64D5-4026-BBA3-65687B11C2C0}.Debug|Any CPU.ActiveCfg = Debug|Any CPU
		{39821BD6-64D5-4026-BBA3-65687B11C2C0}.Debug|Any CPU.Build.0 = Debug|Any CPU
		{39821BD6-64D5-4026-BBA3-65687B11C2C0}.Release|Any CPU.ActiveCfg = Release|Any CPU
		{39821BD6-64D5-4026-BBA3-65687B11C2C0}.Release|Any CPU.Build.0 = Release|Any CPU
		{F7C27C88-EC67-467C-92AF-B97884FDD2F4}.Debug|Any CPU.ActiveCfg = Debug|Any CPU
		{F7C27C88-EC67-467C-92AF-B97884FDD2F4}.Debug|Any CPU.Build.0 = Debug|Any CPU
		{F7C27C88-EC67-467C-92AF-B97884FDD2F4}.Release|Any CPU.ActiveCfg = Release|Any CPU
		{F7C27C88-EC67-467C-92AF-B97884FDD2F4}.Release|Any CPU.Build.0 = Release|Any CPU
	EndGlobalSection
	GlobalSection(SolutionProperties) = preSolution
		HideSolutionNode = FALSE
	EndGlobalSection
	GlobalSection(ExtensibilityGlobals) = postSolution
		SolutionGuid = {37182BE1-04B2-4C00-BBEC-80730833E1C0}
	EndGlobalSection
EndGlobal
